// !$*UTF8*$!
{
	archiveVersion = 1;
	classes = {
	};
	objectVersion = 50;
	objects = {

/* Begin PBXBuildFile section */
		2AD163192583430C00956C36 /* AppDelegate.m in Sources */ = {isa = PBXBuildFile; fileRef = 2AD163182583430C00956C36 /* AppDelegate.m */; };
		2AD1631C2583430C00956C36 /* SceneDelegate.m in Sources */ = {isa = PBXBuildFile; fileRef = 2AD1631B2583430C00956C36 /* SceneDelegate.m */; };
		2AD1631F2583430C00956C36 /* ViewController.m in Sources */ = {isa = PBXBuildFile; fileRef = 2AD1631E2583430C00956C36 /* ViewController.m */; };
		2AD163222583430C00956C36 /* Main.storyboard in Resources */ = {isa = PBXBuildFile; fileRef = 2AD163202583430C00956C36 /* Main.storyboard */; };
		2AD163242583430E00956C36 /* Assets.xcassets in Resources */ = {isa = PBXBuildFile; fileRef = 2AD163232583430E00956C36 /* Assets.xcassets */; };
		2AD163272583430E00956C36 /* LaunchScreen.storyboard in Resources */ = {isa = PBXBuildFile; fileRef = 2AD163252583430E00956C36 /* LaunchScreen.storyboard */; };
		2AD1632A2583430E00956C36 /* main.m in Sources */ = {isa = PBXBuildFile; fileRef = 2AD163292583430E00956C36 /* main.m */; };
		2AD163342583430E00956C36 /* testTests.m in Sources */ = {isa = PBXBuildFile; fileRef = 2AD163332583430E00956C36 /* testTests.m */; };
		2AD1633F2583430F00956C36 /* testUITests.m in Sources */ = {isa = PBXBuildFile; fileRef = 2AD1633E2583430F00956C36 /* testUITests.m */; };
/* End PBXBuildFile section */

/* Begin PBXContainerItemProxy section */
		2AD163302583430E00956C36 /* PBXContainerItemProxy */ = {
			isa = PBXContainerItemProxy;
			containerPortal = 2AD1630C2583430C00956C36 /* Project object */;
			proxyType = 1;
			remoteGlobalIDString = 2AD163132583430C00956C36;
			remoteInfo = test;
		};
		2AD1633B2583430F00956C36 /* PBXContainerItemProxy */ = {
			isa = PBXContainerItemProxy;
			containerPortal = 2AD1630C2583430C00956C36 /* Project object */;
			proxyType = 1;
			remoteGlobalIDString = 2AD163132583430C00956C36;
			remoteInfo = test;
		};
/* End PBXContainerItemProxy section */

/* Begin PBXFileReference section */
		2AD163142583430C00956C36 /* test.app */ = {isa = PBXFileReference; explicitFileType = wrapper.application; includeInIndex = 0; path = test.app; sourceTree = BUILT_PRODUCTS_DIR; };
		2AD163172583430C00956C36 /* AppDelegate.h */ = {isa = PBXFileReference; lastKnownFileType = sourcecode.c.h; path = AppDelegate.h; sourceTree = "<group>"; };
		2AD163182583430C00956C36 /* AppDelegate.m */ = {isa = PBXFileReference; lastKnownFileType = sourcecode.c.objc; path = AppDelegate.m; sourceTree = "<group>"; };
		2AD1631A2583430C00956C36 /* SceneDelegate.h */ = {isa = PBXFileReference; lastKnownFileType = sourcecode.c.h; path = SceneDelegate.h; sourceTree = "<group>"; };
		2AD1631B2583430C00956C36 /* SceneDelegate.m */ = {isa = PBXFileReference; lastKnownFileType = sourcecode.c.objc; path = SceneDelegate.m; sourceTree = "<group>"; };
		2AD1631D2583430C00956C36 /* ViewController.h */ = {isa = PBXFileReference; lastKnownFileType = sourcecode.c.h; path = ViewController.h; sourceTree = "<group>"; };
		2AD1631E2583430C00956C36 /* ViewController.m */ = {isa = PBXFileReference; lastKnownFileType = sourcecode.c.objc; path = ViewController.m; sourceTree = "<group>"; };
		2AD163212583430C00956C36 /* Base */ = {isa = PBXFileReference; lastKnownFileType = file.storyboard; name = Base; path = Base.lproj/Main.storyboard; sourceTree = "<group>"; };
		2AD163232583430E00956C36 /* Assets.xcassets */ = {isa = PBXFileReference; lastKnownFileType = folder.assetcatalog; path = Assets.xcassets; sourceTree = "<group>"; };
		2AD163262583430E00956C36 /* Base */ = {isa = PBXFileReference; lastKnownFileType = file.storyboard; name = Base; path = Base.lproj/LaunchScreen.storyboard; sourceTree = "<group>"; };
		2AD163282583430E00956C36 /* Info.plist */ = {isa = PBXFileReference; lastKnownFileType = text.plist.xml; path = Info.plist; sourceTree = "<group>"; };
		2AD163292583430E00956C36 /* main.m */ = {isa = PBXFileReference; lastKnownFileType = sourcecode.c.objc; path = main.m; sourceTree = "<group>"; };
		2AD1632F2583430E00956C36 /* testTests.xctest */ = {isa = PBXFileReference; explicitFileType = wrapper.cfbundle; includeInIndex = 0; path = testTests.xctest; sourceTree = BUILT_PRODUCTS_DIR; };
		2AD163332583430E00956C36 /* testTests.m */ = {isa = PBXFileReference; lastKnownFileType = sourcecode.c.objc; path = testTests.m; sourceTree = "<group>"; };
		2AD163352583430E00956C36 /* Info.plist */ = {isa = PBXFileReference; lastKnownFileType = text.plist.xml; path = Info.plist; sourceTree = "<group>"; };
		2AD1633A2583430F00956C36 /* testUITests.xctest */ = {isa = PBXFileReference; explicitFileType = wrapper.cfbundle; includeInIndex = 0; path = testUITests.xctest; sourceTree = BUILT_PRODUCTS_DIR; };
		2AD1633E2583430F00956C36 /* testUITests.m */ = {isa = PBXFileReference; lastKnownFileType = sourcecode.c.objc; path = testUITests.m; sourceTree = "<group>"; };
		2AD163402583430F00956C36 /* Info.plist */ = {isa = PBXFileReference; lastKnownFileType = text.plist.xml; path = Info.plist; sourceTree = "<group>"; };
/* End PBXFileReference section */

/* Begin PBXFrameworksBuildPhase section */
		2AD163112583430C00956C36 /* Frameworks */ = {
			isa = PBXFrameworksBuildPhase;
			buildActionMask = 2147483647;
			files = (
			);
			runOnlyForDeploymentPostprocessing = 0;
		};
		2AD1632C2583430E00956C36 /* Frameworks */ = {
			isa = PBXFrameworksBuildPhase;
			buildActionMask = 2147483647;
			files = (
			);
			runOnlyForDeploymentPostprocessing = 0;
		};
		2AD163372583430F00956C36 /* Frameworks */ = {
			isa = PBXFrameworksBuildPhase;
			buildActionMask = 2147483647;
			files = (
			);
			runOnlyForDeploymentPostprocessing = 0;
		};
/* End PBXFrameworksBuildPhase section */

/* Begin PBXGroup section */
		2AD1630B2583430C00956C36 = {
			isa = PBXGroup;
			children = (
				2AD163162583430C00956C36 /* test */,
				2AD163322583430E00956C36 /* testTests */,
				2AD1633D2583430F00956C36 /* testUITests */,
				2AD163152583430C00956C36 /* Products */,
			);
			sourceTree = "<group>";
		};
		2AD163152583430C00956C36 /* Products */ = {
			isa = PBXGroup;
			children = (
				2AD163142583430C00956C36 /* test.app */,
				2AD1632F2583430E00956C36 /* testTests.xctest */,
				2AD1633A2583430F00956C36 /* testUITests.xctest */,
			);
			name = Products;
			sourceTree = "<group>";
		};
		2AD163162583430C00956C36 /* test */ = {
			isa = PBXGroup;
			children = (
				2AD163172583430C00956C36 /* AppDelegate.h */,
				2AD163182583430C00956C36 /* AppDelegate.m */,
				2AD1631A2583430C00956C36 /* SceneDelegate.h */,
				2AD1631B2583430C00956C36 /* SceneDelegate.m */,
				2AD1631D2583430C00956C36 /* ViewController.h */,
				2AD1631E2583430C00956C36 /* ViewController.m */,
				2AD163202583430C00956C36 /* Main.storyboard */,
				2AD163232583430E00956C36 /* Assets.xcassets */,
				2AD163252583430E00956C36 /* LaunchScreen.storyboard */,
				2AD163282583430E00956C36 /* Info.plist */,
				2AD163292583430E00956C36 /* main.m */,
			);
			path = test;
			sourceTree = "<group>";
		};
		2AD163322583430E00956C36 /* testTests */ = {
			isa = PBXGroup;
			children = (
				2AD163332583430E00956C36 /* testTests.m */,
				2AD163352583430E00956C36 /* Info.plist */,
			);
			path = testTests;
			sourceTree = "<group>";
		};
		2AD1633D2583430F00956C36 /* testUITests */ = {
			isa = PBXGroup;
			children = (
				2AD1633E2583430F00956C36 /* testUITests.m */,
				2AD163402583430F00956C36 /* Info.plist */,
			);
			path = testUITests;
			sourceTree = "<group>";
		};
/* End PBXGroup section */

/* Begin PBXNativeTarget section */
		2AD163132583430C00956C36 /* test */ = {
			isa = PBXNativeTarget;
			buildConfigurationList = 2AD163432583430F00956C36 /* Build configuration list for PBXNativeTarget "test" */;
			buildPhases = (
				2AD163102583430C00956C36 /* Sources */,
				2AD163112583430C00956C36 /* Frameworks */,
				2AD163122583430C00956C36 /* Resources */,
			);
			buildRules = (
			);
			dependencies = (
			);
			name = test;
			productName = test;
			productReference = 2AD163142583430C00956C36 /* test.app */;
			productType = "com.apple.product-type.application";
		};
		2AD1632E2583430E00956C36 /* testTests */ = {
			isa = PBXNativeTarget;
			buildConfigurationList = 2AD163462583430F00956C36 /* Build configuration list for PBXNativeTarget "testTests" */;
			buildPhases = (
				2AD1632B2583430E00956C36 /* Sources */,
				2AD1632C2583430E00956C36 /* Frameworks */,
				2AD1632D2583430E00956C36 /* Resources */,
			);
			buildRules = (
			);
			dependencies = (
				2AD163312583430E00956C36 /* PBXTargetDependency */,
			);
			name = testTests;
			productName = testTests;
			productReference = 2AD1632F2583430E00956C36 /* testTests.xctest */;
			productType = "com.apple.product-type.bundle.unit-test";
		};
		2AD163392583430F00956C36 /* testUITests */ = {
			isa = PBXNativeTarget;
			buildConfigurationList = 2AD163492583430F00956C36 /* Build configuration list for PBXNativeTarget "testUITests" */;
			buildPhases = (
				2AD163362583430F00956C36 /* Sources */,
				2AD163372583430F00956C36 /* Frameworks */,
				2AD163382583430F00956C36 /* Resources */,
			);
			buildRules = (
			);
			dependencies = (
				2AD1633C2583430F00956C36 /* PBXTargetDependency */,
			);
			name = testUITests;
			productName = testUITests;
			productReference = 2AD1633A2583430F00956C36 /* testUITests.xctest */;
			productType = "com.apple.product-type.bundle.ui-testing";
		};
/* End PBXNativeTarget section */

/* Begin PBXProject section */
		2AD1630C2583430C00956C36 /* Project object */ = {
			isa = PBXProject;
			attributes = {
				LastUpgradeCheck = 1210;
				TargetAttributes = {
					2AD163132583430C00956C36 = {
						CreatedOnToolsVersion = 12.1;
					};
					2AD1632E2583430E00956C36 = {
						CreatedOnToolsVersion = 12.1;
						TestTargetID = 2AD163132583430C00956C36;
					};
					2AD163392583430F00956C36 = {
						CreatedOnToolsVersion = 12.1;
						TestTargetID = 2AD163132583430C00956C36;
					};
				};
			};
			buildConfigurationList = 2AD1630F2583430C00956C36 /* Build configuration list for PBXProject "test" */;
			compatibilityVersion = "Xcode 9.3";
			developmentRegion = en;
			hasScannedForEncodings = 0;
			knownRegions = (
				en,
				Base,
			);
			mainGroup = 2AD1630B2583430C00956C36;
			productRefGroup = 2AD163152583430C00956C36 /* Products */;
			projectDirPath = "";
			projectRoot = "";
			targets = (
				2AD163132583430C00956C36 /* test */,
				2AD1632E2583430E00956C36 /* testTests */,
				2AD163392583430F00956C36 /* testUITests */,
			);
		};
/* End PBXProject section */

/* Begin PBXResourcesBuildPhase section */
		2AD163122583430C00956C36 /* Resources */ = {
			isa = PBXResourcesBuildPhase;
			buildActionMask = 2147483647;
			files = (
				2AD163272583430E00956C36 /* LaunchScreen.storyboard in Resources */,
				2AD163242583430E00956C36 /* Assets.xcassets in Resources */,
				2AD163222583430C00956C36 /* Main.storyboard in Resources */,
			);
			runOnlyForDeploymentPostprocessing = 0;
		};
		2AD1632D2583430E00956C36 /* Resources */ = {
			isa = PBXResourcesBuildPhase;
			buildActionMask = 2147483647;
			files = (
			);
			runOnlyForDeploymentPostprocessing = 0;
		};
		2AD163382583430F00956C36 /* Resources */ = {
			isa = PBXResourcesBuildPhase;
			buildActionMask = 2147483647;
			files = (
			);
			runOnlyForDeploymentPostprocessing = 0;
		};
/* End PBXResourcesBuildPhase section */

/* Begin PBXSourcesBuildPhase section */
		2AD163102583430C00956C36 /* Sources */ = {
			isa = PBXSourcesBuildPhase;
			buildActionMask = 2147483647;
			files = (
				2AD1631F2583430C00956C36 /* ViewController.m in Sources */,
				2AD163192583430C00956C36 /* AppDelegate.m in Sources */,
				2AD1632A2583430E00956C36 /* main.m in Sources */,
				2AD1631C2583430C00956C36 /* SceneDelegate.m in Sources */,
			);
			runOnlyForDeploymentPostprocessing = 0;
		};
		2AD1632B2583430E00956C36 /* Sources */ = {
			isa = PBXSourcesBuildPhase;
			buildActionMask = 2147483647;
			files = (
				2AD163342583430E00956C36 /* testTests.m in Sources */,
			);
			runOnlyForDeploymentPostprocessing = 0;
		};
		2AD163362583430F00956C36 /* Sources */ = {
			isa = PBXSourcesBuildPhase;
			buildActionMask = 2147483647;
			files = (
				2AD1633F2583430F00956C36 /* testUITests.m in Sources */,
			);
			runOnlyForDeploymentPostprocessing = 0;
		};
/* End PBXSourcesBuildPhase section */

/* Begin PBXTargetDependency section */
		2AD163312583430E00956C36 /* PBXTargetDependency */ = {
			isa = PBXTargetDependency;
			target = 2AD163132583430C00956C36 /* test */;
			targetProxy = 2AD163302583430E00956C36 /* PBXContainerItemProxy */;
		};
		2AD1633C2583430F00956C36 /* PBXTargetDependency */ = {
			isa = PBXTargetDependency;
			target = 2AD163132583430C00956C36 /* test */;
			targetProxy = 2AD1633B2583430F00956C36 /* PBXContainerItemProxy */;
		};
/* End PBXTargetDependency section */

/* Begin PBXVariantGroup section */
		2AD163202583430C00956C36 /* Main.storyboard */ = {
			isa = PBXVariantGroup;
			children = (
				2AD163212583430C00956C36 /* Base */,
			);
			name = Main.storyboard;
			sourceTree = "<group>";
		};
		2AD163252583430E00956C36 /* LaunchScreen.storyboard */ = {
			isa = PBXVariantGroup;
			children = (
				2AD163262583430E00956C36 /* Base */,
			);
			name = LaunchScreen.storyboard;
			sourceTree = "<group>";
		};
/* End PBXVariantGroup section */

/* Begin XCBuildConfiguration section */
		2AD163412583430F00956C36 /* Debug */ = {
			isa = XCBuildConfiguration;
			buildSettings = {
				ALWAYS_SEARCH_USER_PATHS = NO;
				CLANG_ANALYZER_NONNULL = YES;
				CLANG_ANALYZER_NUMBER_OBJECT_CONVERSION = YES_AGGRESSIVE;
				CLANG_CXX_LANGUAGE_STANDARD = "gnu++14";
				CLANG_CXX_LIBRARY = "libc++";
				CLANG_ENABLE_MODULES = YES;
				CLANG_ENABLE_OBJC_ARC = YES;
				CLANG_ENABLE_OBJC_WEAK = YES;
				CLANG_WARN_BLOCK_CAPTURE_AUTORELEASING = YES;
				CLANG_WARN_BOOL_CONVERSION = YES;
				CLANG_WARN_COMMA = YES;
				CLANG_WARN_CONSTANT_CONVERSION = YES;
				CLANG_WARN_DEPRECATED_OBJC_IMPLEMENTATIONS = YES;
				CLANG_WARN_DIRECT_OBJC_ISA_USAGE = YES_ERROR;
				CLANG_WARN_DOCUMENTATION_COMMENTS = YES;
				CLANG_WARN_EMPTY_BODY = YES;
				CLANG_WARN_ENUM_CONVERSION = YES;
				CLANG_WARN_INFINITE_RECURSION = YES;
				CLANG_WARN_INT_CONVERSION = YES;
				CLANG_WARN_NON_LITERAL_NULL_CONVERSION = YES;
				CLANG_WARN_OBJC_IMPLICIT_RETAIN_SELF = YES;
				CLANG_WARN_OBJC_LITERAL_CONVERSION = YES;
				CLANG_WARN_OBJC_ROOT_CLASS = YES_ERROR;
				CLANG_WARN_QUOTED_INCLUDE_IN_FRAMEWORK_HEADER = YES;
				CLANG_WARN_RANGE_LOOP_ANALYSIS = YES;
				CLANG_WARN_STRICT_PROTOTYPES = YES;
				CLANG_WARN_SUSPICIOUS_MOVE = YES;
				CLANG_WARN_UNGUARDED_AVAILABILITY = YES_AGGRESSIVE;
				CLANG_WARN_UNREACHABLE_CODE = YES;
				CLANG_WARN__DUPLICATE_METHOD_MATCH = YES;
				COPY_PHASE_STRIP = NO;
				DEBUG_INFORMATION_FORMAT = dwarf;
				ENABLE_STRICT_OBJC_MSGSEND = YES;
				ENABLE_TESTABILITY = YES;
				GCC_C_LANGUAGE_STANDARD = gnu11;
				GCC_DYNAMIC_NO_PIC = NO;
				GCC_NO_COMMON_BLOCKS = YES;
				GCC_OPTIMIZATION_LEVEL = 0;
				GCC_PREPROCESSOR_DEFINITIONS = (
					"DEBUG=1",
					"$(inherited)",
				);
				GCC_WARN_64_TO_32_BIT_CONVERSION = YES;
				GCC_WARN_ABOUT_RETURN_TYPE = YES_ERROR;
				GCC_WARN_UNDECLARED_SELECTOR = YES;
				GCC_WARN_UNINITIALIZED_AUTOS = YES_AGGRESSIVE;
				GCC_WARN_UNUSED_FUNCTION = YES;
				GCC_WARN_UNUSED_VARIABLE = YES;
				IPHONEOS_DEPLOYMENT_TARGET = 14.1;
				MTL_ENABLE_DEBUG_INFO = INCLUDE_SOURCE;
				MTL_FAST_MATH = YES;
				ONLY_ACTIVE_ARCH = YES;
				SDKROOT = iphoneos;
			};
			name = Debug;
		};
		2AD163422583430F00956C36 /* Release */ = {
			isa = XCBuildConfiguration;
			buildSettings = {
				ALWAYS_SEARCH_USER_PATHS = NO;
				CLANG_ANALYZER_NONNULL = YES;
				CLANG_ANALYZER_NUMBER_OBJECT_CONVERSION = YES_AGGRESSIVE;
				CLANG_CXX_LANGUAGE_STANDARD = "gnu++14";
				CLANG_CXX_LIBRARY = "libc++";
				CLANG_ENABLE_MODULES = YES;
				CLANG_ENABLE_OBJC_ARC = YES;
				CLANG_ENABLE_OBJC_WEAK = YES;
				CLANG_WARN_BLOCK_CAPTURE_AUTORELEASING = YES;
				CLANG_WARN_BOOL_CONVERSION = YES;
				CLANG_WARN_COMMA = YES;
				CLANG_WARN_CONSTANT_CONVERSION = YES;
				CLANG_WARN_DEPRECATED_OBJC_IMPLEMENTATIONS = YES;
				CLANG_WARN_DIRECT_OBJC_ISA_USAGE = YES_ERROR;
				CLANG_WARN_DOCUMENTATION_COMMENTS = YES;
				CLANG_WARN_EMPTY_BODY = YES;
				CLANG_WARN_ENUM_CONVERSION = YES;
				CLANG_WARN_INFINITE_RECURSION = YES;
				CLANG_WARN_INT_CONVERSION = YES;
				CLANG_WARN_NON_LITERAL_NULL_CONVERSION = YES;
				CLANG_WARN_OBJC_IMPLICIT_RETAIN_SELF = YES;
				CLANG_WARN_OBJC_LITERAL_CONVERSION = YES;
				CLANG_WARN_OBJC_ROOT_CLASS = YES_ERROR;
				CLANG_WARN_QUOTED_INCLUDE_IN_FRAMEWORK_HEADER = YES;
				CLANG_WARN_RANGE_LOOP_ANALYSIS = YES;
				CLANG_WARN_STRICT_PROTOTYPES = YES;
				CLANG_WARN_SUSPICIOUS_MOVE = YES;
				CLANG_WARN_UNGUARDED_AVAILABILITY = YES_AGGRESSIVE;
				CLANG_WARN_UNREACHABLE_CODE = YES;
				CLANG_WARN__DUPLICATE_METHOD_MATCH = YES;
				COPY_PHASE_STRIP = NO;
				DEBUG_INFORMATION_FORMAT = "dwarf-with-dsym";
				ENABLE_NS_ASSERTIONS = NO;
				ENABLE_STRICT_OBJC_MSGSEND = YES;
				GCC_C_LANGUAGE_STANDARD = gnu11;
				GCC_NO_COMMON_BLOCKS = YES;
				GCC_WARN_64_TO_32_BIT_CONVERSION = YES;
				GCC_WARN_ABOUT_RETURN_TYPE = YES_ERROR;
				GCC_WARN_UNDECLARED_SELECTOR = YES;
				GCC_WARN_UNINITIALIZED_AUTOS = YES_AGGRESSIVE;
				GCC_WARN_UNUSED_FUNCTION = YES;
				GCC_WARN_UNUSED_VARIABLE = YES;
				IPHONEOS_DEPLOYMENT_TARGET = 14.1;
				MTL_ENABLE_DEBUG_INFO = NO;
				MTL_FAST_MATH = YES;
				SDKROOT = iphoneos;
				VALIDATE_PRODUCT = YES;
			};
			name = Release;
		};
		2AD163442583430F00956C36 /* Debug */ = {
			isa = XCBuildConfiguration;
			buildSettings = {
				ASSETCATALOG_COMPILER_APPICON_NAME = AppIcon;
				ASSETCATALOG_COMPILER_GLOBAL_ACCENT_COLOR_NAME = AccentColor;
				CODE_SIGN_IDENTITY = "iPhone Distribution";
				CODE_SIGN_STYLE = Manual;
				DEVELOPMENT_TEAM = KJS94K6M8F;
				INFOPLIST_FILE = test/Info.plist;
				LD_RUNPATH_SEARCH_PATHS = (
					"$(inherited)",
					"@executable_path/Frameworks",
				);
				PRODUCT_BUNDLE_IDENTIFIER = com.dabanjia.package;
				PRODUCT_NAME = "$(TARGET_NAME)";
				PROVISIONING_PROFILE_SPECIFIER = adhoc_auto_package;
				TARGETED_DEVICE_FAMILY = "1,2";
			};
			name = Debug;
		};
		2AD163452583430F00956C36 /* Release */ = {
			isa = XCBuildConfiguration;
			buildSettings = {
				ASSETCATALOG_COMPILER_APPICON_NAME = AppIcon;
				ASSETCATALOG_COMPILER_GLOBAL_ACCENT_COLOR_NAME = AccentColor;
				CODE_SIGN_IDENTITY = "iPhone Distribution";
				CODE_SIGN_STYLE = Manual;
				DEVELOPMENT_TEAM = KJS94K6M8F;
				INFOPLIST_FILE = test/Info.plist;
				LD_RUNPATH_SEARCH_PATHS = (
					"$(inherited)",
					"@executable_path/Frameworks",
				);
				PRODUCT_BUNDLE_IDENTIFIER = com.dabanjia.package;
				PRODUCT_NAME = "$(TARGET_NAME)";
				PROVISIONING_PROFILE_SPECIFIER = adhoc_auto_package;
				TARGETED_DEVICE_FAMILY = "1,2";
			};
			name = Release;
		};
		2AD163472583430F00956C36 /* Debug */ = {
			isa = XCBuildConfiguration;
			buildSettings = {
				BUNDLE_LOADER = "$(TEST_HOST)";
				CODE_SIGN_STYLE = Automatic;
				DEVELOPMENT_TEAM = KJS94K6M8F;
				INFOPLIST_FILE = testTests/Info.plist;
				IPHONEOS_DEPLOYMENT_TARGET = 14.1;
				LD_RUNPATH_SEARCH_PATHS = (
					"$(inherited)",
					"@executable_path/Frameworks",
					"@loader_path/Frameworks",
				);
				PRODUCT_BUNDLE_IDENTIFIER = com.test.auto.testTests;
				PRODUCT_NAME = "$(TARGET_NAME)";
				TARGETED_DEVICE_FAMILY = "1,2";
				TEST_HOST = "$(BUILT_PRODUCTS_DIR)/test.app/test";
			};
			name = Debug;
		};
		2AD163482583430F00956C36 /* Release */ = {
			isa = XCBuildConfiguration;
			buildSettings = {
				BUNDLE_LOADER = "$(TEST_HOST)";
				CODE_SIGN_STYLE = Automatic;
				DEVELOPMENT_TEAM = KJS94K6M8F;
				INFOPLIST_FILE = testTests/Info.plist;
				IPHONEOS_DEPLOYMENT_TARGET = 14.1;
				LD_RUNPATH_SEARCH_PATHS = (
					"$(inherited)",
					"@executable_path/Frameworks",
					"@loader_path/Frameworks",
				);
				PRODUCT_BUNDLE_IDENTIFIER = com.test.auto.testTests;
				PRODUCT_NAME = "$(TARGET_NAME)";
				TARGETED_DEVICE_FAMILY = "1,2";
				TEST_HOST = "$(BUILT_PRODUCTS_DIR)/test.app/test";
			};
			name = Release;
		};
		2AD1634A2583430F00956C36 /* Debug */ = {
			isa = XCBuildConfiguration;
			buildSettings = {
				CODE_SIGN_STYLE = Automatic;
				DEVELOPMENT_TEAM = KJS94K6M8F;
				INFOPLIST_FILE = testUITests/Info.plist;
				LD_RUNPATH_SEARCH_PATHS = (
					"$(inherited)",
					"@executable_path/Frameworks",
					"@loader_path/Frameworks",
				);
				PRODUCT_BUNDLE_IDENTIFIER = com.test.auto.testUITests;
				PRODUCT_NAME = "$(TARGET_NAME)";
				TARGETED_DEVICE_FAMILY = "1,2";
				TEST_TARGET_NAME = test;
			};
			name = Debug;
		};
		2AD1634B2583430F00956C36 /* Release */ = {
			isa = XCBuildConfiguration;
			buildSettings = {
				CODE_SIGN_STYLE = Automatic;
				DEVELOPMENT_TEAM = KJS94K6M8F;
				INFOPLIST_FILE = testUITests/Info.plist;
				LD_RUNPATH_SEARCH_PATHS = (
					"$(inherited)",
					"@executable_path/Frameworks",
					"@loader_path/Frameworks",
				);
				PRODUCT_BUNDLE_IDENTIFIER = com.test.auto.testUITests;
				PRODUCT_NAME = "$(TARGET_NAME)";
				TARGETED_DEVICE_FAMILY = "1,2";
				TEST_TARGET_NAME = test;
			};
			name = Release;
		};
/* End XCBuildConfiguration section */

/* Begin XCConfigurationList section */
		2AD1630F2583430C00956C36 /* Build configuration list for PBXProject "test" */ = {
			isa = XCConfigurationList;
			buildConfigurations = (
				2AD163412583430F00956C36 /* Debug */,
				2AD163422583430F00956C36 /* Release */,
			);
			defaultConfigurationIsVisible = 0;
			defaultConfigurationName = Release;
		};
		2AD163432583430F00956C36 /* Build configuration list for PBXNativeTarget "test" */ = {
			isa = XCConfigurationList;
			buildConfigurations = (
				2AD163442583430F00956C36 /* Debug */,
				2AD163452583430F00956C36 /* Release */,
			);
			defaultConfigurationIsVisible = 0;
			defaultConfigurationName = Release;
		};
		2AD163462583430F00956C36 /* Build configuration list for PBXNativeTarget "testTests" */ = {
			isa = XCConfigurationList;
			buildConfigurations = (
				2AD163472583430F00956C36 /* Debug */,
				2AD163482583430F00956C36 /* Release */,
			);
			defaultConfigurationIsVisible = 0;
			defaultConfigurationName = Release;
		};
		2AD163492583430F00956C36 /* Build configuration list for PBXNativeTarget "testUITests" */ = {
			isa = XCConfigurationList;
			buildConfigurations = (
				2AD1634A2583430F00956C36 /* Debug */,
				2AD1634B2583430F00956C36 /* Release */,
			);
			defaultConfigurationIsVisible = 0;
			defaultConfigurationName = Release;
		};
/* End XCConfigurationList section */
	};
	rootObject = 2AD1630C2583430C00956C36 /* Project object */;
}
